// !$*UTF8*$!
{
	archiveVersion = 1;
	classes = {
	};
	objectVersion = 55;
	objects = {

/* Begin PBXBuildFile section */
		07DA6B4B29B4A41600FDF489 /* AppDelegate.swift in Sources */ = {isa = PBXBuildFile; fileRef = 07DA6B4A29B4A41600FDF489 /* AppDelegate.swift */; };
		07DA6B4D29B4A41600FDF489 /* SceneDelegate.swift in Sources */ = {isa = PBXBuildFile; fileRef = 07DA6B4C29B4A41600FDF489 /* SceneDelegate.swift */; };
		07DA6B4F29B4A41600FDF489 /* SettingsViewController.swift in Sources */ = {isa = PBXBuildFile; fileRef = 07DA6B4E29B4A41600FDF489 /* SettingsViewController.swift */; };
		07DA6B5429B4A41700FDF489 /* Assets.xcassets in Resources */ = {isa = PBXBuildFile; fileRef = 07DA6B5329B4A41700FDF489 /* Assets.xcassets */; };
		07DA6B5729B4A41700FDF489 /* LaunchScreen.storyboard in Resources */ = {isa = PBXBuildFile; fileRef = 07DA6B5529B4A41700FDF489 /* LaunchScreen.storyboard */; };
		07DA6B5F29B4BF8700FDF489 /* SettingTableViewCell.swift in Sources */ = {isa = PBXBuildFile; fileRef = 07DA6B5E29B4BF8700FDF489 /* SettingTableViewCell.swift */; };
		07DA6B6129B4D64900FDF489 /* SwitchTableViewCell.swift in Sources */ = {isa = PBXBuildFile; fileRef = 07DA6B6029B4D64900FDF489 /* SwitchTableViewCell.swift */; };
		F4D5CACE29B8FCF0006EC82F /* Model.swift in Sources */ = {isa = PBXBuildFile; fileRef = F4D5CACD29B8FCF0006EC82F /* Model.swift */; };
		F4D5CAD029B8FD17006EC82F /* DetailViewController.swift in Sources */ = {isa = PBXBuildFile; fileRef = F4D5CACF29B8FD17006EC82F /* DetailViewController.swift */; };
/* End PBXBuildFile section */

/* Begin PBXFileReference section */
		07DA6B4729B4A41600FDF489 /* Settings.app */ = {isa = PBXFileReference; explicitFileType = wrapper.application; includeInIndex = 0; path = Settings.app; sourceTree = BUILT_PRODUCTS_DIR; };
		07DA6B4A29B4A41600FDF489 /* AppDelegate.swift */ = {isa = PBXFileReference; lastKnownFileType = sourcecode.swift; path = AppDelegate.swift; sourceTree = "<group>"; };
		07DA6B4C29B4A41600FDF489 /* SceneDelegate.swift */ = {isa = PBXFileReference; lastKnownFileType = sourcecode.swift; path = SceneDelegate.swift; sourceTree = "<group>"; };
		07DA6B4E29B4A41600FDF489 /* SettingsViewController.swift */ = {isa = PBXFileReference; lastKnownFileType = sourcecode.swift; path = SettingsViewController.swift; sourceTree = "<group>"; };
		07DA6B5329B4A41700FDF489 /* Assets.xcassets */ = {isa = PBXFileReference; lastKnownFileType = folder.assetcatalog; path = Assets.xcassets; sourceTree = "<group>"; };
		07DA6B5629B4A41700FDF489 /* Base */ = {isa = PBXFileReference; lastKnownFileType = file.storyboard; name = Base; path = Base.lproj/LaunchScreen.storyboard; sourceTree = "<group>"; };
		07DA6B5829B4A41700FDF489 /* Info.plist */ = {isa = PBXFileReference; lastKnownFileType = text.plist.xml; path = Info.plist; sourceTree = "<group>"; };
		07DA6B5E29B4BF8700FDF489 /* SettingTableViewCell.swift */ = {isa = PBXFileReference; lastKnownFileType = sourcecode.swift; path = SettingTableViewCell.swift; sourceTree = "<group>"; };
		07DA6B6029B4D64900FDF489 /* SwitchTableViewCell.swift */ = {isa = PBXFileReference; lastKnownFileType = sourcecode.swift; path = SwitchTableViewCell.swift; sourceTree = "<group>"; };
		F4D5CACD29B8FCF0006EC82F /* Model.swift */ = {isa = PBXFileReference; lastKnownFileType = sourcecode.swift; path = Model.swift; sourceTree = "<group>"; };
		F4D5CACF29B8FD17006EC82F /* DetailViewController.swift */ = {isa = PBXFileReference; lastKnownFileType = sourcecode.swift; path = DetailViewController.swift; sourceTree = "<group>"; };
/* End PBXFileReference section */

/* Begin PBXFrameworksBuildPhase section */
		07DA6B4429B4A41600FDF489 /* Frameworks */ = {
			isa = PBXFrameworksBuildPhase;
			buildActionMask = 2147483647;
			files = (
			);
			runOnlyForDeploymentPostprocessing = 0;
		};
/* End PBXFrameworksBuildPhase section */

/* Begin PBXGroup section */
		07DA6B3E29B4A41600FDF489 = {
			isa = PBXGroup;
			children = (
				07DA6B4929B4A41600FDF489 /* Settings */,
				07DA6B4829B4A41600FDF489 /* Products */,
			);
			sourceTree = "<group>";
		};
		07DA6B4829B4A41600FDF489 /* Products */ = {
			isa = PBXGroup;
			children = (
				07DA6B4729B4A41600FDF489 /* Settings.app */,
			);
			name = Products;
			sourceTree = "<group>";
		};
		07DA6B4929B4A41600FDF489 /* Settings */ = {
			isa = PBXGroup;
			children = (
				F4D5CACB29B8FBAC006EC82F /* Resource */,
				F4D5CAC729B8FB79006EC82F /* Source */,
			);
			path = Settings;
			sourceTree = "<group>";
		};
		F4D5CAC729B8FB79006EC82F /* Source */ = {
			isa = PBXGroup;
			children = (
				F4D5CACA29B8FBA1006EC82F /* App */,
				F4D5CAC929B8FB99006EC82F /* ViewController */,
				F4D5CAC829B8FB8F006EC82F /* Model */,
			);
			path = Source;
			sourceTree = "<group>";
		};
		F4D5CAC829B8FB8F006EC82F /* Model */ = {
			isa = PBXGroup;
			children = (
				F4D5CACD29B8FCF0006EC82F /* Model.swift */,
			);
			path = Model;
			sourceTree = "<group>";
		};
		F4D5CAC929B8FB99006EC82F /* ViewController */ = {
			isa = PBXGroup;
			children = (
				07DA6B4E29B4A41600FDF489 /* SettingsViewController.swift */,
				F4D5CACC29B8FBD9006EC82F /* Cell */,
				F4D5CACF29B8FD17006EC82F /* DetailViewController.swift */,
			);
			path = ViewController;
			sourceTree = "<group>";
		};
		F4D5CACA29B8FBA1006EC82F /* App */ = {
			isa = PBXGroup;
			children = (
				07DA6B4A29B4A41600FDF489 /* AppDelegate.swift */,
				07DA6B4C29B4A41600FDF489 /* SceneDelegate.swift */,
			);
			path = App;
			sourceTree = "<group>";
		};
		F4D5CACB29B8FBAC006EC82F /* Resource */ = {
			isa = PBXGroup;
			children = (
				07DA6B5329B4A41700FDF489 /* Assets.xcassets */,
				07DA6B5829B4A41700FDF489 /* Info.plist */,
				07DA6B5529B4A41700FDF489 /* LaunchScreen.storyboard */,
			);
			path = Resource;
			sourceTree = "<group>";
		};
		F4D5CACC29B8FBD9006EC82F /* Cell */ = {
			isa = PBXGroup;
			children = (
				07DA6B5E29B4BF8700FDF489 /* SettingTableViewCell.swift */,
				07DA6B6029B4D64900FDF489 /* SwitchTableViewCell.swift */,
			);
			path = Cell;
			sourceTree = "<group>";
		};
/* End PBXGroup section */

/* Begin PBXNativeTarget section */
		07DA6B4629B4A41600FDF489 /* Settings */ = {
			isa = PBXNativeTarget;
			buildConfigurationList = 07DA6B5B29B4A41700FDF489 /* Build configuration list for PBXNativeTarget "Settings" */;
			buildPhases = (
				07DA6B4329B4A41600FDF489 /* Sources */,
				07DA6B4429B4A41600FDF489 /* Frameworks */,
				07DA6B4529B4A41600FDF489 /* Resources */,
			);
			buildRules = (
			);
			dependencies = (
			);
			name = Settings;
			productName = Settings;
			productReference = 07DA6B4729B4A41600FDF489 /* Settings.app */;
			productType = "com.apple.product-type.application";
		};
/* End PBXNativeTarget section */

/* Begin PBXProject section */
		07DA6B3F29B4A41600FDF489 /* Project object */ = {
			isa = PBXProject;
			attributes = {
				BuildIndependentTargetsInParallel = 1;
				LastSwiftUpdateCheck = 1340;
				LastUpgradeCheck = 1340;
				TargetAttributes = {
					07DA6B4629B4A41600FDF489 = {
						CreatedOnToolsVersion = 13.4.1;
					};
				};
			};
			buildConfigurationList = 07DA6B4229B4A41600FDF489 /* Build configuration list for PBXProject "Settings" */;
			compatibilityVersion = "Xcode 13.0";
			developmentRegion = en;
			hasScannedForEncodings = 0;
			knownRegions = (
				en,
				Base,
			);
			mainGroup = 07DA6B3E29B4A41600FDF489;
			productRefGroup = 07DA6B4829B4A41600FDF489 /* Products */;
			projectDirPath = "";
			projectRoot = "";
			targets = (
				07DA6B4629B4A41600FDF489 /* Settings */,
			);
		};
/* End PBXProject section */

/* Begin PBXResourcesBuildPhase section */
		07DA6B4529B4A41600FDF489 /* Resources */ = {
			isa = PBXResourcesBuildPhase;
			buildActionMask = 2147483647;
			files = (
				07DA6B5729B4A41700FDF489 /* LaunchScreen.storyboard in Resources */,
				07DA6B5429B4A41700FDF489 /* Assets.xcassets in Resources */,
			);
			runOnlyForDeploymentPostprocessing = 0;
		};
/* End PBXResourcesBuildPhase section */

/* Begin PBXSourcesBuildPhase section */
		07DA6B4329B4A41600FDF489 /* Sources */ = {
			isa = PBXSourcesBuildPhase;
			buildActionMask = 2147483647;
			files = (
				07DA6B4F29B4A41600FDF489 /* SettingsViewController.swift in Sources */,
				07DA6B4B29B4A41600FDF489 /* AppDelegate.swift in Sources */,
				07DA6B6129B4D64900FDF489 /* SwitchTableViewCell.swift in Sources */,
				F4D5CACE29B8FCF0006EC82F /* Model.swift in Sources */,
				07DA6B5F29B4BF8700FDF489 /* SettingTableViewCell.swift in Sources */,
				07DA6B4D29B4A41600FDF489 /* SceneDelegate.swift in Sources */,
				F4D5CAD029B8FD17006EC82F /* DetailViewController.swift in Sources */,
			);
			runOnlyForDeploymentPostprocessing = 0;
		};
/* End PBXSourcesBuildPhase section */

/* Begin PBXVariantGroup section */
		07DA6B5529B4A41700FDF489 /* LaunchScreen.storyboard */ = {
			isa = PBXVariantGroup;
			children = (
				07DA6B5629B4A41700FDF489 /* Base */,
			);
			name = LaunchScreen.storyboard;
			sourceTree = "<group>";
		};
/* End PBXVariantGroup section */

/* Begin XCBuildConfiguration section */
		07DA6B5929B4A41700FDF489 /* Debug */ = {
			isa = XCBuildConfiguration;
			buildSettings = {
				ALWAYS_SEARCH_USER_PATHS = NO;
				CLANG_ANALYZER_NONNULL = YES;
				CLANG_ANALYZER_NUMBER_OBJECT_CONVERSION = YES_AGGRESSIVE;
				CLANG_CXX_LANGUAGE_STANDARD = "gnu++17";
				CLANG_ENABLE_MODULES = YES;
				CLANG_ENABLE_OBJC_ARC = YES;
				CLANG_ENABLE_OBJC_WEAK = YES;
				CLANG_WARN_BLOCK_CAPTURE_AUTORELEASING = YES;
				CLANG_WARN_BOOL_CONVERSION = YES;
				CLANG_WARN_COMMA = YES;
				CLANG_WARN_CONSTANT_CONVERSION = YES;
				CLANG_WARN_DEPRECATED_OBJC_IMPLEMENTATIONS = YES;
				CLANG_WARN_DIRECT_OBJC_ISA_USAGE = YES_ERROR;
				CLANG_WARN_DOCUMENTATION_COMMENTS = YES;
				CLANG_WARN_EMPTY_BODY = YES;
				CLANG_WARN_ENUM_CONVERSION = YES;
				CLANG_WARN_INFINITE_RECURSION = YES;
				CLANG_WARN_INT_CONVERSION = YES;
				CLANG_WARN_NON_LITERAL_NULL_CONVERSION = YES;
				CLANG_WARN_OBJC_IMPLICIT_RETAIN_SELF = YES;
				CLANG_WARN_OBJC_LITERAL_CONVERSION = YES;
				CLANG_WARN_OBJC_ROOT_CLASS = YES_ERROR;
				CLANG_WARN_QUOTED_INCLUDE_IN_FRAMEWORK_HEADER = YES;
				CLANG_WARN_RANGE_LOOP_ANALYSIS = YES;
				CLANG_WARN_STRICT_PROTOTYPES = YES;
				CLANG_WARN_SUSPICIOUS_MOVE = YES;
				CLANG_WARN_UNGUARDED_AVAILABILITY = YES_AGGRESSIVE;
				CLANG_WARN_UNREACHABLE_CODE = YES;
				CLANG_WARN__DUPLICATE_METHOD_MATCH = YES;
				COPY_PHASE_STRIP = NO;
				DEBUG_INFORMATION_FORMAT = dwarf;
				ENABLE_STRICT_OBJC_MSGSEND = YES;
				ENABLE_TESTABILITY = YES;
				GCC_C_LANGUAGE_STANDARD = gnu11;
				GCC_DYNAMIC_NO_PIC = NO;
				GCC_NO_COMMON_BLOCKS = YES;
				GCC_OPTIMIZATION_LEVEL = 0;
				GCC_PREPROCESSOR_DEFINITIONS = (
					"DEBUG=1",
					"$(inherited)",
				);
				GCC_WARN_64_TO_32_BIT_CONVERSION = YES;
				GCC_WARN_ABOUT_RETURN_TYPE = YES_ERROR;
				GCC_WARN_UNDECLARED_SELECTOR = YES;
				GCC_WARN_UNINITIALIZED_AUTOS = YES_AGGRESSIVE;
				GCC_WARN_UNUSED_FUNCTION = YES;
				GCC_WARN_UNUSED_VARIABLE = YES;
				IPHONEOS_DEPLOYMENT_TARGET = 13.0;
				MTL_ENABLE_DEBUG_INFO = INCLUDE_SOURCE;
				MTL_FAST_MATH = YES;
				ONLY_ACTIVE_ARCH = YES;
				SDKROOT = iphoneos;
				SWIFT_ACTIVE_COMPILATION_CONDITIONS = DEBUG;
				SWIFT_OPTIMIZATION_LEVEL = "-Onone";
			};
			name = Debug;
		};
		07DA6B5A29B4A41700FDF489 /* Release */ = {
			isa = XCBuildConfiguration;
			buildSettings = {
				ALWAYS_SEARCH_USER_PATHS = NO;
				CLANG_ANALYZER_NONNULL = YES;
				CLANG_ANALYZER_NUMBER_OBJECT_CONVERSION = YES_AGGRESSIVE;
				CLANG_CXX_LANGUAGE_STANDARD = "gnu++17";
				CLANG_ENABLE_MODULES = YES;
				CLANG_ENABLE_OBJC_ARC = YES;
				CLANG_ENABLE_OBJC_WEAK = YES;
				CLANG_WARN_BLOCK_CAPTURE_AUTORELEASING = YES;
				CLANG_WARN_BOOL_CONVERSION = YES;
				CLANG_WARN_COMMA = YES;
				CLANG_WARN_CONSTANT_CONVERSION = YES;
				CLANG_WARN_DEPRECATED_OBJC_IMPLEMENTATIONS = YES;
				CLANG_WARN_DIRECT_OBJC_ISA_USAGE = YES_ERROR;
				CLANG_WARN_DOCUMENTATION_COMMENTS = YES;
				CLANG_WARN_EMPTY_BODY = YES;
				CLANG_WARN_ENUM_CONVERSION = YES;
				CLANG_WARN_INFINITE_RECURSION = YES;
				CLANG_WARN_INT_CONVERSION = YES;
				CLANG_WARN_NON_LITERAL_NULL_CONVERSION = YES;
				CLANG_WARN_OBJC_IMPLICIT_RETAIN_SELF = YES;
				CLANG_WARN_OBJC_LITERAL_CONVERSION = YES;
				CLANG_WARN_OBJC_ROOT_CLASS = YES_ERROR;
				CLANG_WARN_QUOTED_INCLUDE_IN_FRAMEWORK_HEADER = YES;
				CLANG_WARN_RANGE_LOOP_ANALYSIS = YES;
				CLANG_WARN_STRICT_PROTOTYPES = YES;
				CLANG_WARN_SUSPICIOUS_MOVE = YES;
				CLANG_WARN_UNGUARDED_AVAILABILITY = YES_AGGRESSIVE;
				CLANG_WARN_UNREACHABLE_CODE = YES;
				CLANG_WARN__DUPLICATE_METHOD_MATCH = YES;
				COPY_PHASE_STRIP = NO;
				DEBUG_INFORMATION_FORMAT = "dwarf-with-dsym";
				ENABLE_NS_ASSERTIONS = NO;
				ENABLE_STRICT_OBJC_MSGSEND = YES;
				GCC_C_LANGUAGE_STANDARD = gnu11;
				GCC_NO_COMMON_BLOCKS = YES;
				GCC_WARN_64_TO_32_BIT_CONVERSION = YES;
				GCC_WARN_ABOUT_RETURN_TYPE = YES_ERROR;
				GCC_WARN_UNDECLARED_SELECTOR = YES;
				GCC_WARN_UNINITIALIZED_AUTOS = YES_AGGRESSIVE;
				GCC_WARN_UNUSED_FUNCTION = YES;
				GCC_WARN_UNUSED_VARIABLE = YES;
				IPHONEOS_DEPLOYMENT_TARGET = 13.0;
				MTL_ENABLE_DEBUG_INFO = NO;
				MTL_FAST_MATH = YES;
				SDKROOT = iphoneos;
				SWIFT_COMPILATION_MODE = wholemodule;
				SWIFT_OPTIMIZATION_LEVEL = "-O";
				VALIDATE_PRODUCT = YES;
			};
			name = Release;
		};
		07DA6B5C29B4A41700FDF489 /* Debug */ = {
			isa = XCBuildConfiguration;
			buildSettings = {
				ASSETCATALOG_COMPILER_APPICON_NAME = AppIcon;
				ASSETCATALOG_COMPILER_GLOBAL_ACCENT_COLOR_NAME = AccentColor;
				CODE_SIGN_STYLE = Automatic;
				CURRENT_PROJECT_VERSION = 1;
				DEVELOPMENT_TEAM = LPX2GGHMJT;
				GENERATE_INFOPLIST_FILE = YES;
				INFOPLIST_FILE = Settings/Resource/Info.plist;
				INFOPLIST_KEY_UIApplicationSupportsIndirectInputEvents = YES;
				INFOPLIST_KEY_UILaunchStoryboardName = LaunchScreen;
				INFOPLIST_KEY_UISupportedInterfaceOrientations = UIInterfaceOrientationPortrait;
				INFOPLIST_KEY_UISupportedInterfaceOrientations_iPad = "UIInterfaceOrientationLandscapeLeft UIInterfaceOrientationLandscapeRight UIInterfaceOrientationPortrait UIInterfaceOrientationPortraitUpsideDown";
				IPHONEOS_DEPLOYMENT_TARGET = 13.0;
				LD_RUNPATH_SEARCH_PATHS = (
					"$(inherited)",
					"@executable_path/Frameworks",
				);
				MARKETING_VERSION = 1.0;
				PRODUCT_BUNDLE_IDENTIFIER = ti1ek.koszhanov.Settings;
				PRODUCT_NAME = "$(TARGET_NAME)";
				SWIFT_EMIT_LOC_STRINGS = YES;
				SWIFT_VERSION = 5.0;
				TARGETED_DEVICE_FAMILY = 1;
			};
			name = Debug;
		};
		07DA6B5D29B4A41700FDF489 /* Release */ = {
			isa = XCBuildConfiguration;
			buildSettings = {
				ASSETCATALOG_COMPILER_APPICON_NAME = AppIcon;
				ASSETCATALOG_COMPILER_GLOBAL_ACCENT_COLOR_NAME = AccentColor;
				CODE_SIGN_STYLE = Automatic;
				CURRENT_PROJECT_VERSION = 1;
				DEVELOPMENT_TEAM = LPX2GGHMJT;
				GENERATE_INFOPLIST_FILE = YES;
				INFOPLIST_FILE = Settings/Resource/Info.plist;
				INFOPLIST_KEY_UIApplicationSupportsIndirectInputEvents = YES;
				INFOPLIST_KEY_UILaunchStoryboardName = LaunchScreen;
				INFOPLIST_KEY_UISupportedInterfaceOrientations = UIInterfaceOrientationPortrait;
				INFOPLIST_KEY_UISupportedInterfaceOrientations_iPad = "UIInterfaceOrientationLandscapeLeft UIInterfaceOrientationLandscapeRight UIInterfaceOrientationPortrait UIInterfaceOrientationPortraitUpsideDown";
				IPHONEOS_DEPLOYMENT_TARGET = 13.0;
				LD_RUNPATH_SEARCH_PATHS = (
					"$(inherited)",
					"@executable_path/Frameworks",
				);
				MARKETING_VERSION = 1.0;
				PRODUCT_BUNDLE_IDENTIFIER = ti1ek.koszhanov.Settings;
				PRODUCT_NAME = "$(TARGET_NAME)";
				SWIFT_EMIT_LOC_STRINGS = YES;
				SWIFT_VERSION = 5.0;
				TARGETED_DEVICE_FAMILY = 1;
			};
			name = Release;
		};
/* End XCBuildConfiguration section */

/* Begin XCConfigurationList section */
		07DA6B4229B4A41600FDF489 /* Build configuration list for PBXProject "Settings" */ = {
			isa = XCConfigurationList;
			buildConfigurations = (
				07DA6B5929B4A41700FDF489 /* Debug */,
				07DA6B5A29B4A41700FDF489 /* Release */,
			);
			defaultConfigurationIsVisible = 0;
			defaultConfigurationName = Release;
		};
		07DA6B5B29B4A41700FDF489 /* Build configuration list for PBXNativeTarget "Settings" */ = {
			isa = XCConfigurationList;
			buildConfigurations = (
				07DA6B5C29B4A41700FDF489 /* Debug */,
				07DA6B5D29B4A41700FDF489 /* Release */,
			);
			defaultConfigurationIsVisible = 0;
			defaultConfigurationName = Release;
		};
/* End XCConfigurationList section */
	};
	rootObject = 07DA6B3F29B4A41600FDF489 /* Project object */;
}
